// !$*UTF8*$!
{
	archiveVersion = 1;
	classes = {
	};
	objectVersion = 46;
	objects = {

/* Begin PBXBuildFile section */
		AB31F83B1E59797C006FDC31 /* main.m in Sources */ = {isa = PBXBuildFile; fileRef = AB31F83A1E59797C006FDC31 /* main.m */; };
		AB31F83E1E59797C006FDC31 /* AppDelegate.m in Sources */ = {isa = PBXBuildFile; fileRef = AB31F83D1E59797C006FDC31 /* AppDelegate.m */; };
		AB31F8411E59797C006FDC31 /* ViewController.m in Sources */ = {isa = PBXBuildFile; fileRef = AB31F8401E59797C006FDC31 /* ViewController.m */; };
		AB31F8441E59797C006FDC31 /* Main.storyboard in Resources */ = {isa = PBXBuildFile; fileRef = AB31F8421E59797C006FDC31 /* Main.storyboard */; };
		AB31F8461E59797C006FDC31 /* Assets.xcassets in Resources */ = {isa = PBXBuildFile; fileRef = AB31F8451E59797C006FDC31 /* Assets.xcassets */; };
		AB31F8491E59797C006FDC31 /* LaunchScreen.storyboard in Resources */ = {isa = PBXBuildFile; fileRef = AB31F8471E59797C006FDC31 /* LaunchScreen.storyboard */; };
		AB31F8521E597BA8006FDC31 /* GLKit.framework in Frameworks */ = {isa = PBXBuildFile; fileRef = AB31F8511E597BA8006FDC31 /* GLKit.framework */; };
		AB31F8541E597F99006FDC31 /* OpenGLES.framework in Frameworks */ = {isa = PBXBuildFile; fileRef = AB31F8531E597F99006FDC31 /* OpenGLES.framework */; };
		AB31F8561E597FA5006FDC31 /* QuartzCore.framework in Frameworks */ = {isa = PBXBuildFile; fileRef = AB31F8551E597FA5006FDC31 /* QuartzCore.framework */; };
		ABAD84C01F6F3AFB008261E4 /* CoreText.framework in Frameworks */ = {isa = PBXBuildFile; fileRef = ABAD84BF1F6F3AFB008261E4 /* CoreText.framework */; };
		ABAD84C11F6F3B30008261E4 /* libpixman-1.a in Frameworks */ = {isa = PBXBuildFile; fileRef = AB0654C81E66342400CE15A3 /* libpixman-1.a */; };
		ABB1611C1F60C22A00840625 /* libcairo.a in Frameworks */ = {isa = PBXBuildFile; fileRef = AB3A9F3A1E5C2EB400649B19 /* libcairo.a */; };
/* End PBXBuildFile section */

/* Begin PBXContainerItemProxy section */
		AB3A9F391E5C2EB400649B19 /* PBXContainerItemProxy */ = {
			isa = PBXContainerItemProxy;
			containerPortal = AB3A9D891E5C20BE00649B19 /* cairo.xcodeproj */;
			proxyType = 2;
			remoteGlobalIDString = BDFF7E841D9E0D810056051D;
			remoteInfo = cairo;
		};
		AB3A9F411E5C3CD000649B19 /* PBXContainerItemProxy */ = {
			isa = PBXContainerItemProxy;
			containerPortal = AB3A9D891E5C20BE00649B19 /* cairo.xcodeproj */;
			proxyType = 1;
			remoteGlobalIDString = BDFF7E831D9E0D810056051D;
			remoteInfo = cairo;
		};
/* End PBXContainerItemProxy section */

/* Begin PBXFileReference section */
		AB0654C61E66337A00CE15A3 /* libpixman-1-X86_64.a */ = {isa = PBXFileReference; lastKnownFileType = archive.ar; path = "libpixman-1-X86_64.a"; sourceTree = "<group>"; };
		AB0654C81E66342400CE15A3 /* libpixman-1.a */ = {isa = PBXFileReference; lastKnownFileType = archive.ar; path = "libpixman-1.a"; sourceTree = "<group>"; };
		AB31F8361E59797C006FDC31 /* GLESViewHarness.app */ = {isa = PBXFileReference; explicitFileType = wrapper.application; includeInIndex = 0; path = GLESViewHarness.app; sourceTree = BUILT_PRODUCTS_DIR; };
		AB31F83A1E59797C006FDC31 /* main.m */ = {isa = PBXFileReference; lastKnownFileType = sourcecode.c.objc; path = main.m; sourceTree = "<group>"; };
		AB31F83C1E59797C006FDC31 /* AppDelegate.h */ = {isa = PBXFileReference; lastKnownFileType = sourcecode.c.h; path = AppDelegate.h; sourceTree = "<group>"; };
		AB31F83D1E59797C006FDC31 /* AppDelegate.m */ = {isa = PBXFileReference; lastKnownFileType = sourcecode.c.objc; path = AppDelegate.m; sourceTree = "<group>"; };
		AB31F83F1E59797C006FDC31 /* ViewController.h */ = {isa = PBXFileReference; lastKnownFileType = sourcecode.c.h; path = ViewController.h; sourceTree = "<group>"; };
		AB31F8401E59797C006FDC31 /* ViewController.m */ = {isa = PBXFileReference; lastKnownFileType = sourcecode.c.objc; path = ViewController.m; sourceTree = "<group>"; };
		AB31F8431E59797C006FDC31 /* Base */ = {isa = PBXFileReference; lastKnownFileType = file.storyboard; name = Base; path = Base.lproj/Main.storyboard; sourceTree = "<group>"; };
		AB31F8451E59797C006FDC31 /* Assets.xcassets */ = {isa = PBXFileReference; lastKnownFileType = folder.assetcatalog; path = Assets.xcassets; sourceTree = "<group>"; };
		AB31F8481E59797C006FDC31 /* Base */ = {isa = PBXFileReference; lastKnownFileType = file.storyboard; name = Base; path = Base.lproj/LaunchScreen.storyboard; sourceTree = "<group>"; };
		AB31F84A1E59797C006FDC31 /* Info.plist */ = {isa = PBXFileReference; lastKnownFileType = text.plist.xml; path = Info.plist; sourceTree = "<group>"; };
		AB31F8511E597BA8006FDC31 /* GLKit.framework */ = {isa = PBXFileReference; lastKnownFileType = wrapper.framework; name = GLKit.framework; path = System/Library/Frameworks/GLKit.framework; sourceTree = SDKROOT; };
		AB31F8531E597F99006FDC31 /* OpenGLES.framework */ = {isa = PBXFileReference; lastKnownFileType = wrapper.framework; name = OpenGLES.framework; path = System/Library/Frameworks/OpenGLES.framework; sourceTree = SDKROOT; };
		AB31F8551E597FA5006FDC31 /* QuartzCore.framework */ = {isa = PBXFileReference; lastKnownFileType = wrapper.framework; name = QuartzCore.framework; path = System/Library/Frameworks/QuartzCore.framework; sourceTree = SDKROOT; };
		AB3A9D891E5C20BE00649B19 /* cairo.xcodeproj */ = {isa = PBXFileReference; lastKnownFileType = "wrapper.pb-project"; name = cairo.xcodeproj; path = "../../UnsafeLibs/cairo-1.15.2-iOS/cairo.xcodeproj"; sourceTree = "<group>"; };
		AB3A9D901E5C211C00649B19 /* libcairo.a */ = {isa = PBXFileReference; lastKnownFileType = archive.ar; name = libcairo.a; path = "../../UnsafeLibs/cairo-1.15.2-iOS/build/Debug-iphoneos/libcairo.a"; sourceTree = "<group>"; };
		AB5E8C7E1E693029002E2B1C /* libpixman-1_armv7.a */ = {isa = PBXFileReference; lastKnownFileType = archive.ar; path = "libpixman-1_armv7.a"; sourceTree = "<group>"; };
		ABAD84BF1F6F3AFB008261E4 /* CoreText.framework */ = {isa = PBXFileReference; lastKnownFileType = wrapper.framework; name = CoreText.framework; path = System/Library/Frameworks/CoreText.framework; sourceTree = SDKROOT; };
/* End PBXFileReference section */

/* Begin PBXFrameworksBuildPhase section */
		AB31F8331E59797C006FDC31 /* Frameworks */ = {
			isa = PBXFrameworksBuildPhase;
			buildActionMask = 2147483647;
			files = (
				AB31F8561E597FA5006FDC31 /* QuartzCore.framework in Frameworks */,
				ABAD84C01F6F3AFB008261E4 /* CoreText.framework in Frameworks */,
				AB31F8541E597F99006FDC31 /* OpenGLES.framework in Frameworks */,
				AB31F8521E597BA8006FDC31 /* GLKit.framework in Frameworks */,
				ABAD84C11F6F3B30008261E4 /* libpixman-1.a in Frameworks */,
				ABB1611C1F60C22A00840625 /* libcairo.a in Frameworks */,
			);
			runOnlyForDeploymentPostprocessing = 0;
		};
/* End PBXFrameworksBuildPhase section */

/* Begin PBXGroup section */
		AB31F82D1E59797C006FDC31 = {
			isa = PBXGroup;
			children = (
				AB0654C81E66342400CE15A3 /* libpixman-1.a */,
				AB0654C61E66337A00CE15A3 /* libpixman-1-X86_64.a */,
				AB5E8C7E1E693029002E2B1C /* libpixman-1_armv7.a */,
				AB3A9D891E5C20BE00649B19 /* cairo.xcodeproj */,
				AB31F8381E59797C006FDC31 /* GLESViewHarness */,
				AB31F8371E59797C006FDC31 /* Products */,
				AB31F8501E597BA8006FDC31 /* Frameworks */,
			);
			sourceTree = "<group>";
		};
		AB31F8371E59797C006FDC31 /* Products */ = {
			isa = PBXGroup;
			children = (
				AB31F8361E59797C006FDC31 /* GLESViewHarness.app */,
			);
			name = Products;
			sourceTree = "<group>";
		};
		AB31F8381E59797C006FDC31 /* GLESViewHarness */ = {
			isa = PBXGroup;
			children = (
				AB31F83C1E59797C006FDC31 /* AppDelegate.h */,
				AB31F83D1E59797C006FDC31 /* AppDelegate.m */,
				AB31F83F1E59797C006FDC31 /* ViewController.h */,
				AB31F8401E59797C006FDC31 /* ViewController.m */,
				AB31F8421E59797C006FDC31 /* Main.storyboard */,
				AB31F8451E59797C006FDC31 /* Assets.xcassets */,
				AB31F8471E59797C006FDC31 /* LaunchScreen.storyboard */,
				AB31F84A1E59797C006FDC31 /* Info.plist */,
				AB31F8391E59797C006FDC31 /* Supporting Files */,
			);
			path = GLESViewHarness;
			sourceTree = "<group>";
		};
		AB31F8391E59797C006FDC31 /* Supporting Files */ = {
			isa = PBXGroup;
			children = (
				AB31F83A1E59797C006FDC31 /* main.m */,
			);
			name = "Supporting Files";
			sourceTree = "<group>";
		};
		AB31F8501E597BA8006FDC31 /* Frameworks */ = {
			isa = PBXGroup;
			children = (
				ABAD84BF1F6F3AFB008261E4 /* CoreText.framework */,
				AB3A9D901E5C211C00649B19 /* libcairo.a */,
				AB31F8551E597FA5006FDC31 /* QuartzCore.framework */,
				AB31F8531E597F99006FDC31 /* OpenGLES.framework */,
				AB31F8511E597BA8006FDC31 /* GLKit.framework */,
			);
			name = Frameworks;
			sourceTree = "<group>";
		};
		AB3A9F361E5C2EB400649B19 /* Products */ = {
			isa = PBXGroup;
			children = (
				AB3A9F3A1E5C2EB400649B19 /* libcairo.a */,
			);
			name = Products;
			sourceTree = "<group>";
		};
/* End PBXGroup section */

/* Begin PBXNativeTarget section */
		AB31F8351E59797C006FDC31 /* GLESViewHarness */ = {
			isa = PBXNativeTarget;
			buildConfigurationList = AB31F84D1E59797C006FDC31 /* Build configuration list for PBXNativeTarget "GLESViewHarness" */;
			buildPhases = (
				AB31F8321E59797C006FDC31 /* Sources */,
				AB31F8331E59797C006FDC31 /* Frameworks */,
				AB31F8341E59797C006FDC31 /* Resources */,
			);
			buildRules = (
			);
			dependencies = (
				AB3A9F421E5C3CD000649B19 /* PBXTargetDependency */,
			);
			name = GLESViewHarness;
			productName = GLESViewHarness;
			productReference = AB31F8361E59797C006FDC31 /* GLESViewHarness.app */;
			productType = "com.apple.product-type.application";
		};
/* End PBXNativeTarget section */

/* Begin PBXProject section */
		AB31F82E1E59797C006FDC31 /* Project object */ = {
			isa = PBXProject;
			attributes = {
				LastUpgradeCheck = 0820;
				ORGANIZATIONNAME = "Jesse Bennett";
				TargetAttributes = {
					AB31F8351E59797C006FDC31 = {
						CreatedOnToolsVersion = 8.2.1;
						DevelopmentTeam = T4X9SQWNR2;
						ProvisioningStyle = Automatic;
					};
				};
			};
			buildConfigurationList = AB31F8311E59797C006FDC31 /* Build configuration list for PBXProject "GLESViewHarness" */;
			compatibilityVersion = "Xcode 3.2";
			developmentRegion = English;
			hasScannedForEncodings = 0;
			knownRegions = (
				en,
				Base,
			);
			mainGroup = AB31F82D1E59797C006FDC31;
			productRefGroup = AB31F8371E59797C006FDC31 /* Products */;
			projectDirPath = "";
			projectReferences = (
				{
					ProductGroup = AB3A9F361E5C2EB400649B19 /* Products */;
					ProjectRef = AB3A9D891E5C20BE00649B19 /* cairo.xcodeproj */;
				},
			);
			projectRoot = "";
			targets = (
				AB31F8351E59797C006FDC31 /* GLESViewHarness */,
			);
		};
/* End PBXProject section */

/* Begin PBXReferenceProxy section */
		AB3A9F3A1E5C2EB400649B19 /* libcairo.a */ = {
			isa = PBXReferenceProxy;
			fileType = archive.ar;
			path = libcairo.a;
			remoteRef = AB3A9F391E5C2EB400649B19 /* PBXContainerItemProxy */;
			sourceTree = BUILT_PRODUCTS_DIR;
		};
/* End PBXReferenceProxy section */

/* Begin PBXResourcesBuildPhase section */
		AB31F8341E59797C006FDC31 /* Resources */ = {
			isa = PBXResourcesBuildPhase;
			buildActionMask = 2147483647;
			files = (
				AB31F8491E59797C006FDC31 /* LaunchScreen.storyboard in Resources */,
				AB31F8461E59797C006FDC31 /* Assets.xcassets in Resources */,
				AB31F8441E59797C006FDC31 /* Main.storyboard in Resources */,
			);
			runOnlyForDeploymentPostprocessing = 0;
		};
/* End PBXResourcesBuildPhase section */

/* Begin PBXSourcesBuildPhase section */
		AB31F8321E59797C006FDC31 /* Sources */ = {
			isa = PBXSourcesBuildPhase;
			buildActionMask = 2147483647;
			files = (
				AB31F8411E59797C006FDC31 /* ViewController.m in Sources */,
				AB31F83E1E59797C006FDC31 /* AppDelegate.m in Sources */,
				AB31F83B1E59797C006FDC31 /* main.m in Sources */,
			);
			runOnlyForDeploymentPostprocessing = 0;
		};
/* End PBXSourcesBuildPhase section */

/* Begin PBXTargetDependency section */
		AB3A9F421E5C3CD000649B19 /* PBXTargetDependency */ = {
			isa = PBXTargetDependency;
			name = cairo;
			targetProxy = AB3A9F411E5C3CD000649B19 /* PBXContainerItemProxy */;
		};
/* End PBXTargetDependency section */

/* Begin PBXVariantGroup section */
		AB31F8421E59797C006FDC31 /* Main.storyboard */ = {
			isa = PBXVariantGroup;
			children = (
				AB31F8431E59797C006FDC31 /* Base */,
			);
			name = Main.storyboard;
			sourceTree = "<group>";
		};
		AB31F8471E59797C006FDC31 /* LaunchScreen.storyboard */ = {
			isa = PBXVariantGroup;
			children = (
				AB31F8481E59797C006FDC31 /* Base */,
			);
			name = LaunchScreen.storyboard;
			sourceTree = "<group>";
		};
/* End PBXVariantGroup section */

/* Begin XCBuildConfiguration section */
		AB31F84B1E59797C006FDC31 /* Debug */ = {
			isa = XCBuildConfiguration;
			buildSettings = {
				ALWAYS_SEARCH_USER_PATHS = NO;
				CLANG_ANALYZER_NONNULL = YES;
				CLANG_CXX_LANGUAGE_STANDARD = "gnu++0x";
				CLANG_CXX_LIBRARY = "libc++";
				CLANG_ENABLE_MODULES = YES;
				CLANG_ENABLE_OBJC_ARC = YES;
				CLANG_WARN_BOOL_CONVERSION = YES;
				CLANG_WARN_CONSTANT_CONVERSION = YES;
				CLANG_WARN_DIRECT_OBJC_ISA_USAGE = YES_ERROR;
				CLANG_WARN_DOCUMENTATION_COMMENTS = YES;
				CLANG_WARN_EMPTY_BODY = YES;
				CLANG_WARN_ENUM_CONVERSION = YES;
				CLANG_WARN_INFINITE_RECURSION = YES;
				CLANG_WARN_INT_CONVERSION = YES;
				CLANG_WARN_OBJC_ROOT_CLASS = YES_ERROR;
				CLANG_WARN_SUSPICIOUS_MOVE = YES;
				CLANG_WARN_UNREACHABLE_CODE = YES;
				CLANG_WARN__DUPLICATE_METHOD_MATCH = YES;
				"CODE_SIGN_IDENTITY[sdk=iphoneos*]" = "iPhone Developer";
				COPY_PHASE_STRIP = NO;
				DEBUG_INFORMATION_FORMAT = dwarf;
				ENABLE_STRICT_OBJC_MSGSEND = YES;
				ENABLE_TESTABILITY = YES;
				GCC_C_LANGUAGE_STANDARD = gnu99;
				GCC_DYNAMIC_NO_PIC = NO;
				GCC_NO_COMMON_BLOCKS = YES;
				GCC_OPTIMIZATION_LEVEL = 0;
				GCC_PREPROCESSOR_DEFINITIONS = (
					"DEBUG=1",
					"$(inherited)",
				);
				GCC_WARN_64_TO_32_BIT_CONVERSION = YES;
				GCC_WARN_ABOUT_RETURN_TYPE = YES_ERROR;
				GCC_WARN_UNDECLARED_SELECTOR = YES;
				GCC_WARN_UNINITIALIZED_AUTOS = YES_AGGRESSIVE;
				GCC_WARN_UNUSED_FUNCTION = YES;
				GCC_WARN_UNUSED_VARIABLE = YES;
				IPHONEOS_DEPLOYMENT_TARGET = 10.2;
				MTL_ENABLE_DEBUG_INFO = YES;
				ONLY_ACTIVE_ARCH = YES;
				SDKROOT = iphoneos;
				TARGETED_DEVICE_FAMILY = "1,2";
			};
			name = Debug;
		};
		AB31F84C1E59797C006FDC31 /* Release */ = {
			isa = XCBuildConfiguration;
			buildSettings = {
				ALWAYS_SEARCH_USER_PATHS = NO;
				CLANG_ANALYZER_NONNULL = YES;
				CLANG_CXX_LANGUAGE_STANDARD = "gnu++0x";
				CLANG_CXX_LIBRARY = "libc++";
				CLANG_ENABLE_MODULES = YES;
				CLANG_ENABLE_OBJC_ARC = YES;
				CLANG_WARN_BOOL_CONVERSION = YES;
				CLANG_WARN_CONSTANT_CONVERSION = YES;
				CLANG_WARN_DIRECT_OBJC_ISA_USAGE = YES_ERROR;
				CLANG_WARN_DOCUMENTATION_COMMENTS = YES;
				CLANG_WARN_EMPTY_BODY = YES;
				CLANG_WARN_ENUM_CONVERSION = YES;
				CLANG_WARN_INFINITE_RECURSION = YES;
				CLANG_WARN_INT_CONVERSION = YES;
				CLANG_WARN_OBJC_ROOT_CLASS = YES_ERROR;
				CLANG_WARN_SUSPICIOUS_MOVE = YES;
				CLANG_WARN_UNREACHABLE_CODE = YES;
				CLANG_WARN__DUPLICATE_METHOD_MATCH = YES;
				"CODE_SIGN_IDENTITY[sdk=iphoneos*]" = "iPhone Developer";
				COPY_PHASE_STRIP = NO;
				DEBUG_INFORMATION_FORMAT = "dwarf-with-dsym";
				ENABLE_NS_ASSERTIONS = NO;
				ENABLE_STRICT_OBJC_MSGSEND = YES;
				GCC_C_LANGUAGE_STANDARD = gnu99;
				GCC_NO_COMMON_BLOCKS = YES;
				GCC_WARN_64_TO_32_BIT_CONVERSION = YES;
				GCC_WARN_ABOUT_RETURN_TYPE = YES_ERROR;
				GCC_WARN_UNDECLARED_SELECTOR = YES;
				GCC_WARN_UNINITIALIZED_AUTOS = YES_AGGRESSIVE;
				GCC_WARN_UNUSED_FUNCTION = YES;
				GCC_WARN_UNUSED_VARIABLE = YES;
				IPHONEOS_DEPLOYMENT_TARGET = 10.2;
				MTL_ENABLE_DEBUG_INFO = NO;
				SDKROOT = iphoneos;
				TARGETED_DEVICE_FAMILY = "1,2";
				VALIDATE_PRODUCT = YES;
			};
			name = Release;
		};
		AB31F84E1E59797C006FDC31 /* Debug */ = {
			isa = XCBuildConfiguration;
			buildSettings = {
				ASSETCATALOG_COMPILER_APPICON_NAME = AppIcon;
				DEVELOPMENT_TEAM = T4X9SQWNR2;
				ENABLE_BITCODE = NO;
				HEADER_SEARCH_PATHS = "/Users/jessebennett/Documents/UnsafeLibs/cairo-1.15.2-iOS/**";
				INCLUDED_RECURSIVE_SEARCH_PATH_SUBDIRECTORIES = "";
				INFOPLIST_FILE = GLESViewHarness/Info.plist;
				IPHONEOS_DEPLOYMENT_TARGET = 10.3;
				LD_RUNPATH_SEARCH_PATHS = "$(inherited) @executable_path/Frameworks";
				LIBRARY_SEARCH_PATHS = "$(PROJECT_DIR)";
				OTHER_LDFLAGS = "-ObjC";
				PRODUCT_BUNDLE_IDENTIFIER = com.wolfspider.GLESViewHarness;
				PRODUCT_NAME = "$(TARGET_NAME)";
				TARGETED_DEVICE_FAMILY = "1,2";
				USER_HEADER_SEARCH_PATHS = "";
			};
			name = Debug;
		};
		AB31F84F1E59797C006FDC31 /* Release */ = {
			isa = XCBuildConfiguration;
			buildSettings = {
				ASSETCATALOG_COMPILER_APPICON_NAME = AppIcon;
				DEVELOPMENT_TEAM = T4X9SQWNR2;
				ENABLE_BITCODE = NO;
				HEADER_SEARCH_PATHS = "/Users/jessebennett/Documents/UnsafeLibs/cairo-1.15.2-iOS/**";
				INCLUDED_RECURSIVE_SEARCH_PATH_SUBDIRECTORIES = "";
				INFOPLIST_FILE = GLESViewHarness/Info.plist;
				IPHONEOS_DEPLOYMENT_TARGET = 10.3;
				LD_RUNPATH_SEARCH_PATHS = "$(inherited) @executable_path/Frameworks";
				LIBRARY_SEARCH_PATHS = "$(PROJECT_DIR)";
				OTHER_LDFLAGS = "-ObjC";
				PRODUCT_BUNDLE_IDENTIFIER = com.wolfspider.GLESViewHarness;
				PRODUCT_NAME = "$(TARGET_NAME)";
				TARGETED_DEVICE_FAMILY = "1,2";
				USER_HEADER_SEARCH_PATHS = "";
			};
			name = Release;
		};
/* End XCBuildConfiguration section */

/* Begin XCConfigurationList section */
		AB31F8311E59797C006FDC31 /* Build configuration list for PBXProject "GLESViewHarness" */ = {
			isa = XCConfigurationList;
			buildConfigurations = (
				AB31F84B1E59797C006FDC31 /* Debug */,
				AB31F84C1E59797C006FDC31 /* Release */,
			);
			defaultConfigurationIsVisible = 0;
			defaultConfigurationName = Release;
		};
		AB31F84D1E59797C006FDC31 /* Build configuration list for PBXNativeTarget "GLESViewHarness" */ = {
			isa = XCConfigurationList;
			buildConfigurations = (
				AB31F84E1E59797C006FDC31 /* Debug */,
				AB31F84F1E59797C006FDC31 /* Release */,
			);
			defaultConfigurationIsVisible = 0;
			defaultConfigurationName = Release;
		};
/* End XCConfigurationList section */
	};
	rootObject = AB31F82E1E59797C006FDC31 /* Project object */;
}
